# THIS IS AN AUTOGENERATED FILE. DO NOT EDIT THIS FILE DIRECTLY.
# yarn lockfile v1


"@trpc/client@^11.0.0-rc.330":
  version "11.0.0-rc.330"
  resolved "https://registry.yarnpkg.com/@trpc/client/-/client-11.0.0-rc.330.tgz#d996168f214f430e096032b0650fe915f9bce808"
  integrity sha512-7Z0Ty5BZgWm8SgDMh2Me+WoBOqHoB938S2lK7d5bK8jMwiatGeUpAOaOJ1047rCqnLSEPXYfy8ylaTOrfaLr3Q==

"@trpc/server@^11.0.0-rc.330":
  version "11.0.0-rc.330"
  resolved "https://registry.yarnpkg.com/@trpc/server/-/server-11.0.0-rc.330.tgz#adfc260a2226a328d3ac1e70806ea4e7a19c54ab"
  integrity sha512-fGVgu+w/ZUD3OmM1VjoeaMYZ7ZZicBSP+BbiR11A7tGh66IYuLquvPqNAT5ac3hrE/mJgYq1SMBBR321Z+YTfw==

zod@^3.22.4:
  version "3.22.4"
  resolved "https://registry.yarnpkg.com/zod/-/zod-3.22.4.tgz#f31c3a9386f61b1f228af56faa9255e845cf3fff"
  integrity sha512-iC+8Io04lddc+mVqQ9AZ7OQ2MrUKGN+oIQyq1vemgt46jwCwLfhq7/pwnBnNXXXZb8VTVLKwp9EDkx+ryxIWmg==
